
Microsoft Visual Studio Solution File, Format Version 12.00
# Visual Studio Version 17
VisualStudioVersion = 17.11.35327.3
MinimumVisualStudioVersion = 10.0.40219.1
Project("{FAE04EC0-301F-11D3-BF4B-00C04F79EFBC}") = "Maze-Simulation", "Maze-Simulation\Maze-Simulation.csproj", "{6205F446-78C5-47BF-98CF-F63BF8CFBBF0}"
EndProject
Global
	GlobalSection(SolutionConfigurationPlatforms) = preSolution
		Debug|Any CPU = Debug|Any CPU
		Release|Any CPU = Release|Any CPU
	EndGlobalSection
	GlobalSection(ProjectConfigurationPlatforms) = postSolution
		{6205F446-78C5-47BF-98CF-F63BF8CFBBF0}.Debug|Any CPU.ActiveCfg = Debug|Any CPU
		{6205F446-78C5-47BF-98CF-F63BF8CFBBF0}.Debug|Any CPU.Build.0 = Debug|Any CPU
		{6205F446-78C5-47BF-98CF-F63BF8CFBBF0}.Release|Any CPU.ActiveCfg = Release|Any CPU
		{6205F446-78C5-47BF-98CF-F63BF8CFBBF0}.Release|Any CPU.Build.0 = Release|Any CPU
	EndGlobalSection
	GlobalSection(SolutionProperties) = preSolution
		HideSolutionNode = FALSE
	EndGlobalSection
	GlobalSection(ExtensibilityGlobals) = postSolution
		SolutionGuid = {0E6DBBB3-DAF5-4201-A859-C9D795CA59BD}
	EndGlobalSection
EndGlobal
